
Microsoft Visual Studio Solution File, Format Version 12.00
# Visual Studio Version 17
VisualStudioVersion = 17.9.34701.34
MinimumVisualStudioVersion = 10.0.40219.1
Project("{9A19103F-16F7-4668-BE54-9A1E7A4F7556}") = "q088_Merge_Sorted_Array", "q088_Merge_Sorted_Array\q088_Merge_Sorted_Array.csproj", "{6AFCBA87-2B22-411B-935C-D1204517E537}"
EndProject
Project("{9A19103F-16F7-4668-BE54-9A1E7A4F7556}") = "q088_Merge_Sorted_Array.Tests", "q088_tests\q088_Merge_Sorted_Array.Tests.csproj", "{9B8989D0-CBC5-40E9-886F-901D5271A24E}"
EndProject
Global
	GlobalSection(SolutionConfigurationPlatforms) = preSolution
		Debug|Any CPU = Debug|Any CPU
		Release|Any CPU = Release|Any CPU
	EndGlobalSection
	GlobalSection(ProjectConfigurationPlatforms) = postSolution
		{6AFCBA87-2B22-411B-935C-D1204517E537}.Debug|Any CPU.ActiveCfg = Debug|Any CPU
		{6AFCBA87-2B22-411B-935C-D1204517E537}.Debug|Any CPU.Build.0 = Debug|Any CPU
		{6AFCBA87-2B22-411B-935C-D1204517E537}.Release|Any CPU.ActiveCfg = Release|Any CPU
		{6AFCBA87-2B22-411B-935C-D1204517E537}.Release|Any CPU.Build.0 = Release|Any CPU
		{9B8989D0-CBC5-40E9-886F-901D5271A24E}.Debug|Any CPU.ActiveCfg = Debug|Any CPU
		{9B8989D0-CBC5-40E9-886F-901D5271A24E}.Debug|Any CPU.Build.0 = Debug|Any CPU
		{9B8989D0-CBC5-40E9-886F-901D5271A24E}.Release|Any CPU.ActiveCfg = Release|Any CPU
		{9B8989D0-CBC5-40E9-886F-901D5271A24E}.Release|Any CPU.Build.0 = Release|Any CPU
	EndGlobalSection
	GlobalSection(SolutionProperties) = preSolution
		HideSolutionNode = FALSE
	EndGlobalSection
	GlobalSection(ExtensibilityGlobals) = postSolution
		SolutionGuid = {587FF579-661B-4A57-9CAB-5AFBABDF35F7}
	EndGlobalSection
EndGlobal
